
Microsoft Visual Studio Solution File, Format Version 12.00
# Visual Studio Version 16
VisualStudioVersion = 16.0.30104.148
MinimumVisualStudioVersion = 10.0.40219.1
Project("{FAE04EC0-301F-11D3-BF4B-00C04F79EFBC}") = "RscBtLeDevBattLvlMon", "RscBtLeDevBattLvlMon\RscBtLeDevBattLvlMon.csproj", "{05675D68-ECDC-4362-887E-FC3F7FDEF7E4}"
EndProject
Global
	GlobalSection(SolutionConfigurationPlatforms) = preSolution
		Debug|Any CPU = Debug|Any CPU
		Release|Any CPU = Release|Any CPU
	EndGlobalSection
	GlobalSection(ProjectConfigurationPlatforms) = postSolution
		{05675D68-ECDC-4362-887E-FC3F7FDEF7E4}.Debug|Any CPU.ActiveCfg = Debug|Any CPU
		{05675D68-ECDC-4362-887E-FC3F7FDEF7E4}.Debug|Any CPU.Build.0 = Debug|Any CPU
		{05675D68-ECDC-4362-887E-FC3F7FDEF7E4}.Release|Any CPU.ActiveCfg = Release|Any CPU
		{05675D68-ECDC-4362-887E-FC3F7FDEF7E4}.Release|Any CPU.Build.0 = Release|Any CPU
	EndGlobalSection
	GlobalSection(SolutionProperties) = preSolution
		HideSolutionNode = FALSE
	EndGlobalSection
	GlobalSection(ExtensibilityGlobals) = postSolution
		SolutionGuid = {3E24F80A-D0F1-455F-B6C3-4884729C0D8B}
	EndGlobalSection
EndGlobal
